
Microsoft Visual Studio Solution File, Format Version 12.00
# Visual Studio Version 16
VisualStudioVersion = 16.0.31019.35
MinimumVisualStudioVersion = 10.0.40219.1
Project("{FAE04EC0-301F-11D3-BF4B-00C04F79EFBC}") = "ImageResizer", "ImageResizer\ImageResizer.csproj", "{548093E6-F80A-4911-8DD5-839868919241}"
EndProject
Global
	GlobalSection(SolutionConfigurationPlatforms) = preSolution
		Debug|Any CPU = Debug|Any CPU
		Release|Any CPU = Release|Any CPU
	EndGlobalSection
	GlobalSection(ProjectConfigurationPlatforms) = postSolution
		{548093E6-F80A-4911-8DD5-839868919241}.Debug|Any CPU.ActiveCfg = Debug|Any CPU
		{548093E6-F80A-4911-8DD5-839868919241}.Debug|Any CPU.Build.0 = Debug|Any CPU
		{548093E6-F80A-4911-8DD5-839868919241}.Release|Any CPU.ActiveCfg = Release|Any CPU
		{548093E6-F80A-4911-8DD5-839868919241}.Release|Any CPU.Build.0 = Release|Any CPU
	EndGlobalSection
	GlobalSection(SolutionProperties) = preSolution
		HideSolutionNode = FALSE
	EndGlobalSection
	GlobalSection(ExtensibilityGlobals) = postSolution
		SolutionGuid = {7989BBFE-A9F0-43AD-9F0E-4F21D223E585}
	EndGlobalSection
EndGlobal
